// !$*UTF8*$!
{
	archiveVersion = 1;
	classes = {
	};
	objectVersion = 46;
	objects = {

/* Begin PBXBuildFile section */
		A050660C14B21C7F003E0C5E /* UIKit.framework in Frameworks */ = {isa = PBXBuildFile; fileRef = A050660B14B21C7F003E0C5E /* UIKit.framework */; };
		A050660E14B21C7F003E0C5E /* Foundation.framework in Frameworks */ = {isa = PBXBuildFile; fileRef = A050660D14B21C7F003E0C5E /* Foundation.framework */; };
		A050661014B21C7F003E0C5E /* CoreGraphics.framework in Frameworks */ = {isa = PBXBuildFile; fileRef = A050660F14B21C7F003E0C5E /* CoreGraphics.framework */; };
		A050661614B21C7F003E0C5E /* InfoPlist.strings in Resources */ = {isa = PBXBuildFile; fileRef = A050661414B21C7F003E0C5E /* InfoPlist.strings */; };
		A050661814B21C7F003E0C5E /* main.m in Sources */ = {isa = PBXBuildFile; fileRef = A050661714B21C7F003E0C5E /* main.m */; };
		A050661C14B21C7F003E0C5E /* LMAppDelegate.m in Sources */ = {isa = PBXBuildFile; fileRef = A050661B14B21C7F003E0C5E /* LMAppDelegate.m */; };
		A050661F14B21C7F003E0C5E /* LMEmulatorController.m in Sources */ = {isa = PBXBuildFile; fileRef = A050661E14B21C7F003E0C5E /* LMEmulatorController.m */; };
		A050662D14B21D0B003E0C5E /* LMPixelView.m in Sources */ = {isa = PBXBuildFile; fileRef = A050662C14B21D0B003E0C5E /* LMPixelView.m */; };
		A050663014B21D1B003E0C5E /* LMPixelLayer.m in Sources */ = {isa = PBXBuildFile; fileRef = A050662F14B21D1B003E0C5E /* LMPixelLayer.m */; };
		A050663214B21DDB003E0C5E /* QuartzCore.framework in Frameworks */ = {isa = PBXBuildFile; fileRef = A050663114B21DDB003E0C5E /* QuartzCore.framework */; };
		A0995BBB14B3AC2A00F7C44F /* LMROMBrowserController.m in Sources */ = {isa = PBXBuildFile; fileRef = A0995BBA14B3AC2A00F7C44F /* LMROMBrowserController.m */; };
		A0995BC114B4C20100F7C44F /* LMDPadView.m in Sources */ = {isa = PBXBuildFile; fileRef = A0995BC014B4C20000F7C44F /* LMDPadView.m */; };
		A0995BD714B508AC00F7C44F /* iOSAudio.cpp in Sources */ = {isa = PBXBuildFile; fileRef = A0995BD314B508AC00F7C44F /* iOSAudio.cpp */; };
		A0995BED14B508BD00F7C44F /* apu.cpp in Sources */ = {isa = PBXBuildFile; fileRef = A0995BD914B508BD00F7C44F /* apu.cpp */; };
		A0995BEE14B508BD00F7C44F /* license.txt in Resources */ = {isa = PBXBuildFile; fileRef = A0995BE014B508BD00F7C44F /* license.txt */; };
		A0995BEF14B508BD00F7C44F /* SNES_SPC.cpp in Sources */ = {isa = PBXBuildFile; fileRef = A0995BE414B508BD00F7C44F /* SNES_SPC.cpp */; };
		A0995BF014B508BD00F7C44F /* SNES_SPC_misc.cpp in Sources */ = {isa = PBXBuildFile; fileRef = A0995BE614B508BD00F7C44F /* SNES_SPC_misc.cpp */; };
		A0995BF114B508BD00F7C44F /* SNES_SPC_state.cpp in Sources */ = {isa = PBXBuildFile; fileRef = A0995BE714B508BD00F7C44F /* SNES_SPC_state.cpp */; };
		A0995BF214B508BD00F7C44F /* SPC_DSP.cpp in Sources */ = {isa = PBXBuildFile; fileRef = A0995BE914B508BD00F7C44F /* SPC_DSP.cpp */; };
		A0995BF314B508BD00F7C44F /* SPC_Filter.cpp in Sources */ = {isa = PBXBuildFile; fileRef = A0995BEB14B508BD00F7C44F /* SPC_Filter.cpp */; };
		A0995C0614B524F500F7C44F /* ioapi.c in Sources */ = {isa = PBXBuildFile; fileRef = A0995BFA14B524F500F7C44F /* ioapi.c */; };
		A0995C0A14B524F500F7C44F /* mztools.c in Sources */ = {isa = PBXBuildFile; fileRef = A0995C0014B524F500F7C44F /* mztools.c */; };
		A0995C0B14B524F500F7C44F /* unzip.c in Sources */ = {isa = PBXBuildFile; fileRef = A0995C0214B524F500F7C44F /* unzip.c */; };
		A0995C0C14B524F500F7C44F /* zip.c in Sources */ = {isa = PBXBuildFile; fileRef = A0995C0414B524F500F7C44F /* zip.c */; };
		A0995C1214B525D200F7C44F /* Snes9xMain.cpp in Sources */ = {isa = PBXBuildFile; fileRef = A0995C1114B525D200F7C44F /* Snes9xMain.cpp */; };
		A0995F4F14B53F2500F7C44F /* sa1cpu.cpp in Sources */ = {isa = PBXBuildFile; fileRef = A0995F4E14B53F2500F7C44F /* sa1cpu.cpp */; };
		A0995F5114B53FCC00F7C44F /* dsp.cpp in Sources */ = {isa = PBXBuildFile; fileRef = A0995F5014B53FCC00F7C44F /* dsp.cpp */; };
		A0995F5314B5405000F7C44F /* cpuops.cpp in Sources */ = {isa = PBXBuildFile; fileRef = A0995F5214B5404F00F7C44F /* cpuops.cpp */; };
		A0995F5514B5408400F7C44F /* obc1.cpp in Sources */ = {isa = PBXBuildFile; fileRef = A0995F5414B5408400F7C44F /* obc1.cpp */; };
		A0995F5714B540CA00F7C44F /* bsx.cpp in Sources */ = {isa = PBXBuildFile; fileRef = A0995F5614B540C900F7C44F /* bsx.cpp */; };
		A0995F5914B540FF00F7C44F /* spc7110.cpp in Sources */ = {isa = PBXBuildFile; fileRef = A0995F5814B540FE00F7C44F /* spc7110.cpp */; };
		A0995F5B14B5412800F7C44F /* dsp2.cpp in Sources */ = {isa = PBXBuildFile; fileRef = A0995F5A14B5412700F7C44F /* dsp2.cpp */; };
		A0995F5D14B5413100F7C44F /* dsp3.cpp in Sources */ = {isa = PBXBuildFile; fileRef = A0995F5C14B5413100F7C44F /* dsp3.cpp */; };
		A0995F5F14B5413A00F7C44F /* dsp4.cpp in Sources */ = {isa = PBXBuildFile; fileRef = A0995F5E14B5413A00F7C44F /* dsp4.cpp */; };
		A0995F6514B541B700F7C44F /* seta010.cpp in Sources */ = {isa = PBXBuildFile; fileRef = A0995F6414B541B600F7C44F /* seta010.cpp */; };
		A0995F6714B541C000F7C44F /* seta011.cpp in Sources */ = {isa = PBXBuildFile; fileRef = A0995F6614B541C000F7C44F /* seta011.cpp */; };
		A0995F6914B541CA00F7C44F /* seta018.cpp in Sources */ = {isa = PBXBuildFile; fileRef = A0995F6814B541CA00F7C44F /* seta018.cpp */; };
		A0995F6F14B5426E00F7C44F /* controls.cpp in Sources */ = {isa = PBXBuildFile; fileRef = A0995F6E14B5426B00F7C44F /* controls.cpp */; };
		A0995F7114B5429F00F7C44F /* movie.cpp in Sources */ = {isa = PBXBuildFile; fileRef = A0995F7014B5429E00F7C44F /* movie.cpp */; };
		A0995F7314B543A100F7C44F /* seta.cpp in Sources */ = {isa = PBXBuildFile; fileRef = A0995F7214B543A000F7C44F /* seta.cpp */; };
		A0995F7514B5461A00F7C44F /* crosshairs.cpp in Sources */ = {isa = PBXBuildFile; fileRef = A0995F7414B5461900F7C44F /* crosshairs.cpp */; };
		A0995F7714B5464000F7C44F /* logger.cpp in Sources */ = {isa = PBXBuildFile; fileRef = A0995F7614B5463F00F7C44F /* logger.cpp */; };
		A0995F7914B546A900F7C44F /* reader.cpp in Sources */ = {isa = PBXBuildFile; fileRef = A0995F7814B546A800F7C44F /* reader.cpp */; };
		A0995F8014B679FF00F7C44F /* Snes9xCallbacks.cpp in Sources */ = {isa = PBXBuildFile; fileRef = A0995F7F14B679F300F7C44F /* Snes9xCallbacks.cpp */; };
		A0995F8614B6884F00F7C44F /* SIScreenDelegate.m in Sources */ = {isa = PBXBuildFile; fileRef = A0995F8514B6883E00F7C44F /* SIScreenDelegate.m */; };
		A0A6176314B23DE10082A1F9 /* c4.cpp in Sources */ = {isa = PBXBuildFile; fileRef = A0A616C814B23DE10082A1F9 /* c4.cpp */; };
		A0A6176414B23DE10082A1F9 /* c4emu.cpp in Sources */ = {isa = PBXBuildFile; fileRef = A0A616CA14B23DE10082A1F9 /* c4emu.cpp */; };
		A0A6176514B23DE10082A1F9 /* cheats.cpp in Sources */ = {isa = PBXBuildFile; fileRef = A0A616CB14B23DE10082A1F9 /* cheats.cpp */; };
		A0A6176614B23DE10082A1F9 /* cheats2.cpp in Sources */ = {isa = PBXBuildFile; fileRef = A0A616CD14B23DE10082A1F9 /* cheats2.cpp */; };
		A0A6176714B23DE10082A1F9 /* clip.cpp in Sources */ = {isa = PBXBuildFile; fileRef = A0A616CE14B23DE10082A1F9 /* clip.cpp */; };
		A0A6176814B23DE10082A1F9 /* cpu.cpp in Sources */ = {isa = PBXBuildFile; fileRef = A0A616D014B23DE10082A1F9 /* cpu.cpp */; };
		A0A6176914B23DE10082A1F9 /* cpuexec.cpp in Sources */ = {isa = PBXBuildFile; fileRef = A0A616D214B23DE10082A1F9 /* cpuexec.cpp */; };
		A0A6176C14B23DE10082A1F9 /* dma.cpp in Sources */ = {isa = PBXBuildFile; fileRef = A0A616DA14B23DE10082A1F9 /* dma.cpp */; };
		A0A6176D14B23DE10082A1F9 /* dsp1.cpp in Sources */ = {isa = PBXBuildFile; fileRef = A0A616DC14B23DE10082A1F9 /* dsp1.cpp */; };
		A0A6177614B23DE10082A1F9 /* fxemu.cpp in Sources */ = {isa = PBXBuildFile; fileRef = A0A616E914B23DE10082A1F9 /* fxemu.cpp */; };
		A0A6177714B23DE10082A1F9 /* fxinst.cpp in Sources */ = {isa = PBXBuildFile; fileRef = A0A616EB14B23DE10082A1F9 /* fxinst.cpp */; };
		A0A6177814B23DE10082A1F9 /* gfx.cpp in Sources */ = {isa = PBXBuildFile; fileRef = A0A616EF14B23DE10082A1F9 /* gfx.cpp */; };
		A0A6177D14B23DE10082A1F9 /* globals.cpp in Sources */ = {isa = PBXBuildFile; fileRef = A0A616F714B23DE10082A1F9 /* globals.cpp */; };
		A0A6178814B23DE10082A1F9 /* loadzip.cpp in Sources */ = {isa = PBXBuildFile; fileRef = A0A6170B14B23DE10082A1F9 /* loadzip.cpp */; };
		A0A6178E14B23DE10082A1F9 /* memmap.cpp in Sources */ = {isa = PBXBuildFile; fileRef = A0A6171114B23DE10082A1F9 /* memmap.cpp */; };
		A0A6179C14B23DE10082A1F9 /* ppu.cpp in Sources */ = {isa = PBXBuildFile; fileRef = A0A6172E14B23DE10082A1F9 /* ppu.cpp */; };
		A0A617A014B23DE10082A1F9 /* sa1.cpp in Sources */ = {isa = PBXBuildFile; fileRef = A0A6173414B23DE10082A1F9 /* sa1.cpp */; };
		A0A617A314B23DE10082A1F9 /* sdd1.cpp in Sources */ = {isa = PBXBuildFile; fileRef = A0A6173A14B23DE10082A1F9 /* sdd1.cpp */; };
		A0A617A414B23DE10082A1F9 /* sdd1emu.cpp in Sources */ = {isa = PBXBuildFile; fileRef = A0A6173C14B23DE10082A1F9 /* sdd1emu.cpp */; };
		A0A617AA14B23DE10082A1F9 /* snapshot.cpp in Sources */ = {isa = PBXBuildFile; fileRef = A0A6174514B23DE10082A1F9 /* snapshot.cpp */; };
		A0A617B214B23DE10082A1F9 /* srtc.cpp in Sources */ = {isa = PBXBuildFile; fileRef = A0A6175314B23DE10082A1F9 /* srtc.cpp */; };
		A0A617B314B23DE10082A1F9 /* tile.cpp in Sources */ = {isa = PBXBuildFile; fileRef = A0A6175514B23DE10082A1F9 /* tile.cpp */; };
		A0A617BC14B244210082A1F9 /* LMEmulatorInterface.cpp in Sources */ = {isa = PBXBuildFile; fileRef = A0A617BB14B244210082A1F9 /* LMEmulatorInterface.cpp */; };
		A0A8A0FA14B25401003C5688 /* AudioToolbox.framework in Frameworks */ = {isa = PBXBuildFile; fileRef = A0A8A0F914B25401003C5688 /* AudioToolbox.framework */; };
		A0A8A0FC14B25409003C5688 /* libz.dylib in Frameworks */ = {isa = PBXBuildFile; fileRef = A0A8A0FB14B25409003C5688 /* libz.dylib */; };
/* End PBXBuildFile section */

/* Begin PBXFileReference section */
		A050660714B21C7F003E0C5E /* pixelbuffertest.app */ = {isa = PBXFileReference; explicitFileType = wrapper.application; includeInIndex = 0; path = pixelbuffertest.app; sourceTree = BUILT_PRODUCTS_DIR; };
		A050660B14B21C7F003E0C5E /* UIKit.framework */ = {isa = PBXFileReference; lastKnownFileType = wrapper.framework; name = UIKit.framework; path = System/Library/Frameworks/UIKit.framework; sourceTree = SDKROOT; };
		A050660D14B21C7F003E0C5E /* Foundation.framework */ = {isa = PBXFileReference; lastKnownFileType = wrapper.framework; name = Foundation.framework; path = System/Library/Frameworks/Foundation.framework; sourceTree = SDKROOT; };
		A050660F14B21C7F003E0C5E /* CoreGraphics.framework */ = {isa = PBXFileReference; lastKnownFileType = wrapper.framework; name = CoreGraphics.framework; path = System/Library/Frameworks/CoreGraphics.framework; sourceTree = SDKROOT; };
		A050661314B21C7F003E0C5E /* pixelbuffertest-Info.plist */ = {isa = PBXFileReference; lastKnownFileType = text.plist.xml; path = "pixelbuffertest-Info.plist"; sourceTree = "<group>"; };
		A050661514B21C7F003E0C5E /* en */ = {isa = PBXFileReference; lastKnownFileType = text.plist.strings; name = en; path = en.lproj/InfoPlist.strings; sourceTree = "<group>"; };
		A050661714B21C7F003E0C5E /* main.m */ = {isa = PBXFileReference; lastKnownFileType = sourcecode.c.objc; path = main.m; sourceTree = "<group>"; };
		A050661914B21C7F003E0C5E /* pixelbuffertest-Prefix.pch */ = {isa = PBXFileReference; lastKnownFileType = sourcecode.c.h; path = "pixelbuffertest-Prefix.pch"; sourceTree = "<group>"; };
		A050661A14B21C7F003E0C5E /* LMAppDelegate.h */ = {isa = PBXFileReference; lastKnownFileType = sourcecode.c.h; path = LMAppDelegate.h; sourceTree = "<group>"; };
		A050661B14B21C7F003E0C5E /* LMAppDelegate.m */ = {isa = PBXFileReference; lastKnownFileType = sourcecode.c.objc; path = LMAppDelegate.m; sourceTree = "<group>"; };
		A050661D14B21C7F003E0C5E /* LMEmulatorController.h */ = {isa = PBXFileReference; lastKnownFileType = sourcecode.c.h; path = LMEmulatorController.h; sourceTree = "<group>"; };
		A050661E14B21C7F003E0C5E /* LMEmulatorController.m */ = {isa = PBXFileReference; lastKnownFileType = sourcecode.c.objc; path = LMEmulatorController.m; sourceTree = "<group>"; };
		A050662B14B21D0B003E0C5E /* LMPixelView.h */ = {isa = PBXFileReference; fileEncoding = 4; lastKnownFileType = sourcecode.c.h; path = LMPixelView.h; sourceTree = "<group>"; };
		A050662C14B21D0B003E0C5E /* LMPixelView.m */ = {isa = PBXFileReference; fileEncoding = 4; lastKnownFileType = sourcecode.c.objc; path = LMPixelView.m; sourceTree = "<group>"; };
		A050662E14B21D1B003E0C5E /* LMPixelLayer.h */ = {isa = PBXFileReference; fileEncoding = 4; lastKnownFileType = sourcecode.c.h; path = LMPixelLayer.h; sourceTree = "<group>"; };
		A050662F14B21D1B003E0C5E /* LMPixelLayer.m */ = {isa = PBXFileReference; fileEncoding = 4; lastKnownFileType = sourcecode.c.objc; path = LMPixelLayer.m; sourceTree = "<group>"; };
		A050663114B21DDB003E0C5E /* QuartzCore.framework */ = {isa = PBXFileReference; lastKnownFileType = wrapper.framework; name = QuartzCore.framework; path = System/Library/Frameworks/QuartzCore.framework; sourceTree = SDKROOT; };
		A0995BB914B3AC2A00F7C44F /* LMROMBrowserController.h */ = {isa = PBXFileReference; fileEncoding = 4; lastKnownFileType = sourcecode.c.h; path = LMROMBrowserController.h; sourceTree = "<group>"; };
		A0995BBA14B3AC2A00F7C44F /* LMROMBrowserController.m */ = {isa = PBXFileReference; fileEncoding = 4; lastKnownFileType = sourcecode.c.objc; path = LMROMBrowserController.m; sourceTree = "<group>"; };
		A0995BBF14B4C20000F7C44F /* LMDPadView.h */ = {isa = PBXFileReference; fileEncoding = 4; lastKnownFileType = sourcecode.c.h; path = LMDPadView.h; sourceTree = "<group>"; };
		A0995BC014B4C20000F7C44F /* LMDPadView.m */ = {isa = PBXFileReference; fileEncoding = 4; lastKnownFileType = sourcecode.c.objc; path = LMDPadView.m; sourceTree = "<group>"; };
		A0995BD314B508AC00F7C44F /* iOSAudio.cpp */ = {isa = PBXFileReference; fileEncoding = 4; lastKnownFileType = sourcecode.cpp.cpp; name = iOSAudio.cpp; path = pixelbuffertest/SiOS/iOSAudio.cpp; sourceTree = SOURCE_ROOT; };
		A0995BD914B508BD00F7C44F /* apu.cpp */ = {isa = PBXFileReference; fileEncoding = 4; lastKnownFileType = sourcecode.cpp.cpp; path = apu.cpp; sourceTree = "<group>"; };
		A0995BDA14B508BD00F7C44F /* apu.h */ = {isa = PBXFileReference; fileEncoding = 4; lastKnownFileType = sourcecode.c.h; path = apu.h; sourceTree = "<group>"; };
		A0995BDB14B508BD00F7C44F /* blargg_common.h */ = {isa = PBXFileReference; fileEncoding = 4; lastKnownFileType = sourcecode.c.h; path = blargg_common.h; sourceTree = "<group>"; };
		A0995BDC14B508BD00F7C44F /* blargg_config.h */ = {isa = PBXFileReference; fileEncoding = 4; lastKnownFileType = sourcecode.c.h; path = blargg_config.h; sourceTree = "<group>"; };
		A0995BDD14B508BD00F7C44F /* blargg_endian.h */ = {isa = PBXFileReference; fileEncoding = 4; lastKnownFileType = sourcecode.c.h; path = blargg_endian.h; sourceTree = "<group>"; };
		A0995BDE14B508BD00F7C44F /* blargg_source.h */ = {isa = PBXFileReference; fileEncoding = 4; lastKnownFileType = sourcecode.c.h; path = blargg_source.h; sourceTree = "<group>"; };
		A0995BDF14B508BD00F7C44F /* hermite_resampler.h */ = {isa = PBXFileReference; fileEncoding = 4; lastKnownFileType = sourcecode.c.h; path = hermite_resampler.h; sourceTree = "<group>"; };
		A0995BE014B508BD00F7C44F /* license.txt */ = {isa = PBXFileReference; fileEncoding = 4; lastKnownFileType = text; path = license.txt; sourceTree = "<group>"; };
		A0995BE114B508BD00F7C44F /* linear_resampler.h */ = {isa = PBXFileReference; fileEncoding = 4; lastKnownFileType = sourcecode.c.h; path = linear_resampler.h; sourceTree = "<group>"; };
		A0995BE214B508BD00F7C44F /* resampler.h */ = {isa = PBXFileReference; fileEncoding = 4; lastKnownFileType = sourcecode.c.h; path = resampler.h; sourceTree = "<group>"; };
		A0995BE314B508BD00F7C44F /* ring_buffer.h */ = {isa = PBXFileReference; fileEncoding = 4; lastKnownFileType = sourcecode.c.h; path = ring_buffer.h; sourceTree = "<group>"; };
		A0995BE414B508BD00F7C44F /* SNES_SPC.cpp */ = {isa = PBXFileReference; fileEncoding = 4; lastKnownFileType = sourcecode.cpp.cpp; path = SNES_SPC.cpp; sourceTree = "<group>"; };
		A0995BE514B508BD00F7C44F /* SNES_SPC.h */ = {isa = PBXFileReference; fileEncoding = 4; lastKnownFileType = sourcecode.c.h; path = SNES_SPC.h; sourceTree = "<group>"; };
		A0995BE614B508BD00F7C44F /* SNES_SPC_misc.cpp */ = {isa = PBXFileReference; fileEncoding = 4; lastKnownFileType = sourcecode.cpp.cpp; path = SNES_SPC_misc.cpp; sourceTree = "<group>"; };
		A0995BE714B508BD00F7C44F /* SNES_SPC_state.cpp */ = {isa = PBXFileReference; fileEncoding = 4; lastKnownFileType = sourcecode.cpp.cpp; path = SNES_SPC_state.cpp; sourceTree = "<group>"; };
		A0995BE814B508BD00F7C44F /* SPC_CPU.h */ = {isa = PBXFileReference; fileEncoding = 4; lastKnownFileType = sourcecode.c.h; path = SPC_CPU.h; sourceTree = "<group>"; };
		A0995BE914B508BD00F7C44F /* SPC_DSP.cpp */ = {isa = PBXFileReference; fileEncoding = 4; lastKnownFileType = sourcecode.cpp.cpp; path = SPC_DSP.cpp; sourceTree = "<group>"; };
		A0995BEA14B508BD00F7C44F /* SPC_DSP.h */ = {isa = PBXFileReference; fileEncoding = 4; lastKnownFileType = sourcecode.c.h; path = SPC_DSP.h; sourceTree = "<group>"; };
		A0995BEB14B508BD00F7C44F /* SPC_Filter.cpp */ = {isa = PBXFileReference; fileEncoding = 4; lastKnownFileType = sourcecode.cpp.cpp; path = SPC_Filter.cpp; sourceTree = "<group>"; };
		A0995BEC14B508BD00F7C44F /* SPC_Filter.h */ = {isa = PBXFileReference; fileEncoding = 4; lastKnownFileType = sourcecode.c.h; path = SPC_Filter.h; sourceTree = "<group>"; };
		A0995BF914B524F500F7C44F /* crypt.h */ = {isa = PBXFileReference; fileEncoding = 4; lastKnownFileType = sourcecode.c.h; path = crypt.h; sourceTree = "<group>"; };
		A0995BFA14B524F500F7C44F /* ioapi.c */ = {isa = PBXFileReference; fileEncoding = 4; lastKnownFileType = sourcecode.c.c; path = ioapi.c; sourceTree = "<group>"; };
		A0995BFB14B524F500F7C44F /* ioapi.h */ = {isa = PBXFileReference; fileEncoding = 4; lastKnownFileType = sourcecode.c.h; path = ioapi.h; sourceTree = "<group>"; };
		A0995C0014B524F500F7C44F /* mztools.c */ = {isa = PBXFileReference; fileEncoding = 4; lastKnownFileType = sourcecode.c.c; path = mztools.c; sourceTree = "<group>"; };
		A0995C0114B524F500F7C44F /* mztools.h */ = {isa = PBXFileReference; fileEncoding = 4; lastKnownFileType = sourcecode.c.h; path = mztools.h; sourceTree = "<group>"; };
		A0995C0214B524F500F7C44F /* unzip.c */ = {isa = PBXFileReference; fileEncoding = 4; lastKnownFileType = sourcecode.c.c; path = unzip.c; sourceTree = "<group>"; };
		A0995C0314B524F500F7C44F /* unzip.h */ = {isa = PBXFileReference; fileEncoding = 4; lastKnownFileType = sourcecode.c.h; path = unzip.h; sourceTree = "<group>"; };
		A0995C0414B524F500F7C44F /* zip.c */ = {isa = PBXFileReference; fileEncoding = 4; lastKnownFileType = sourcecode.c.c; path = zip.c; sourceTree = "<group>"; };
		A0995C0514B524F500F7C44F /* zip.h */ = {isa = PBXFileReference; fileEncoding = 4; lastKnownFileType = sourcecode.c.h; path = zip.h; sourceTree = "<group>"; };
		A0995C1114B525D200F7C44F /* Snes9xMain.cpp */ = {isa = PBXFileReference; fileEncoding = 4; lastKnownFileType = sourcecode.cpp.cpp; name = Snes9xMain.cpp; path = pixelbuffertest/SiOS/Snes9xMain.cpp; sourceTree = SOURCE_ROOT; };
		A0995F4E14B53F2500F7C44F /* sa1cpu.cpp */ = {isa = PBXFileReference; fileEncoding = 4; lastKnownFileType = sourcecode.cpp.cpp; path = sa1cpu.cpp; sourceTree = "<group>"; };
		A0995F5014B53FCC00F7C44F /* dsp.cpp */ = {isa = PBXFileReference; fileEncoding = 4; lastKnownFileType = sourcecode.cpp.cpp; path = dsp.cpp; sourceTree = "<group>"; };
		A0995F5214B5404F00F7C44F /* cpuops.cpp */ = {isa = PBXFileReference; fileEncoding = 4; lastKnownFileType = sourcecode.cpp.cpp; path = cpuops.cpp; sourceTree = "<group>"; };
		A0995F5414B5408400F7C44F /* obc1.cpp */ = {isa = PBXFileReference; fileEncoding = 4; lastKnownFileType = sourcecode.cpp.cpp; path = obc1.cpp; sourceTree = "<group>"; };
		A0995F5614B540C900F7C44F /* bsx.cpp */ = {isa = PBXFileReference; fileEncoding = 4; lastKnownFileType = sourcecode.cpp.cpp; path = bsx.cpp; sourceTree = "<group>"; };
		A0995F5814B540FE00F7C44F /* spc7110.cpp */ = {isa = PBXFileReference; fileEncoding = 4; lastKnownFileType = sourcecode.cpp.cpp; path = spc7110.cpp; sourceTree = "<group>"; };
		A0995F5A14B5412700F7C44F /* dsp2.cpp */ = {isa = PBXFileReference; fileEncoding = 4; lastKnownFileType = sourcecode.cpp.cpp; path = dsp2.cpp; sourceTree = "<group>"; };
		A0995F5C14B5413100F7C44F /* dsp3.cpp */ = {isa = PBXFileReference; fileEncoding = 4; lastKnownFileType = sourcecode.cpp.cpp; path = dsp3.cpp; sourceTree = "<group>"; };
		A0995F5E14B5413A00F7C44F /* dsp4.cpp */ = {isa = PBXFileReference; fileEncoding = 4; lastKnownFileType = sourcecode.cpp.cpp; path = dsp4.cpp; sourceTree = "<group>"; };
		A0995F6414B541B600F7C44F /* seta010.cpp */ = {isa = PBXFileReference; fileEncoding = 4; lastKnownFileType = sourcecode.cpp.cpp; path = seta010.cpp; sourceTree = "<group>"; };
		A0995F6614B541C000F7C44F /* seta011.cpp */ = {isa = PBXFileReference; fileEncoding = 4; lastKnownFileType = sourcecode.cpp.cpp; path = seta011.cpp; sourceTree = "<group>"; };
		A0995F6814B541CA00F7C44F /* seta018.cpp */ = {isa = PBXFileReference; fileEncoding = 4; lastKnownFileType = sourcecode.cpp.cpp; path = seta018.cpp; sourceTree = "<group>"; };
		A0995F6E14B5426B00F7C44F /* controls.cpp */ = {isa = PBXFileReference; fileEncoding = 4; lastKnownFileType = sourcecode.cpp.cpp; path = controls.cpp; sourceTree = "<group>"; };
		A0995F7014B5429E00F7C44F /* movie.cpp */ = {isa = PBXFileReference; fileEncoding = 4; lastKnownFileType = sourcecode.cpp.cpp; path = movie.cpp; sourceTree = "<group>"; };
		A0995F7214B543A000F7C44F /* seta.cpp */ = {isa = PBXFileReference; fileEncoding = 4; lastKnownFileType = sourcecode.cpp.cpp; path = seta.cpp; sourceTree = "<group>"; };
		A0995F7414B5461900F7C44F /* crosshairs.cpp */ = {isa = PBXFileReference; fileEncoding = 4; lastKnownFileType = sourcecode.cpp.cpp; path = crosshairs.cpp; sourceTree = "<group>"; };
		A0995F7614B5463F00F7C44F /* logger.cpp */ = {isa = PBXFileReference; fileEncoding = 4; lastKnownFileType = sourcecode.cpp.cpp; path = logger.cpp; sourceTree = "<group>"; };
		A0995F7814B546A800F7C44F /* reader.cpp */ = {isa = PBXFileReference; fileEncoding = 4; lastKnownFileType = sourcecode.cpp.cpp; path = reader.cpp; sourceTree = "<group>"; };
		A0995F7C14B5DEBF00F7C44F /* port.h */ = {isa = PBXFileReference; fileEncoding = 4; lastKnownFileType = sourcecode.c.h; path = port.h; sourceTree = "<group>"; };
		A0995F7F14B679F300F7C44F /* Snes9xCallbacks.cpp */ = {isa = PBXFileReference; fileEncoding = 4; lastKnownFileType = sourcecode.cpp.cpp; name = Snes9xCallbacks.cpp; path = pixelbuffertest/SiOS/Snes9xCallbacks.cpp; sourceTree = SOURCE_ROOT; };
		A0995F8114B67AAB00F7C44F /* Snes9xCallbacks.h */ = {isa = PBXFileReference; fileEncoding = 4; lastKnownFileType = sourcecode.c.h; name = Snes9xCallbacks.h; path = pixelbuffertest/SiOS/Snes9xCallbacks.h; sourceTree = SOURCE_ROOT; };
		A0995F8214B67B7E00F7C44F /* Snes9xMain.h */ = {isa = PBXFileReference; fileEncoding = 4; lastKnownFileType = sourcecode.c.h; name = Snes9xMain.h; path = pixelbuffertest/SiOS/Snes9xMain.h; sourceTree = SOURCE_ROOT; };
		A0995F8314B67E2100F7C44F /* iOSAudio.h */ = {isa = PBXFileReference; fileEncoding = 4; lastKnownFileType = sourcecode.c.h; name = iOSAudio.h; path = pixelbuffertest/SiOS/iOSAudio.h; sourceTree = SOURCE_ROOT; };
		A0995F8414B6883200F7C44F /* SIScreenDelegate.h */ = {isa = PBXFileReference; fileEncoding = 4; lastKnownFileType = sourcecode.c.h; name = SIScreenDelegate.h; path = pixelbuffertest/SiOS/SIScreenDelegate.h; sourceTree = SOURCE_ROOT; };
		A0995F8514B6883E00F7C44F /* SIScreenDelegate.m */ = {isa = PBXFileReference; fileEncoding = 4; lastKnownFileType = sourcecode.c.objc; name = SIScreenDelegate.m; path = pixelbuffertest/SiOS/SIScreenDelegate.m; sourceTree = SOURCE_ROOT; };
		A0A616C814B23DE10082A1F9 /* c4.cpp */ = {isa = PBXFileReference; fileEncoding = 4; lastKnownFileType = sourcecode.cpp.cpp; path = c4.cpp; sourceTree = "<group>"; };
		A0A616CA14B23DE10082A1F9 /* c4emu.cpp */ = {isa = PBXFileReference; fileEncoding = 4; lastKnownFileType = sourcecode.cpp.cpp; path = c4emu.cpp; sourceTree = "<group>"; };
		A0A616CB14B23DE10082A1F9 /* cheats.cpp */ = {isa = PBXFileReference; fileEncoding = 4; lastKnownFileType = sourcecode.cpp.cpp; path = cheats.cpp; sourceTree = "<group>"; };
		A0A616CD14B23DE10082A1F9 /* cheats2.cpp */ = {isa = PBXFileReference; fileEncoding = 4; lastKnownFileType = sourcecode.cpp.cpp; path = cheats2.cpp; sourceTree = "<group>"; };
		A0A616CE14B23DE10082A1F9 /* clip.cpp */ = {isa = PBXFileReference; fileEncoding = 4; lastKnownFileType = sourcecode.cpp.cpp; path = clip.cpp; sourceTree = "<group>"; };
		A0A616D014B23DE10082A1F9 /* cpu.cpp */ = {isa = PBXFileReference; fileEncoding = 4; lastKnownFileType = sourcecode.cpp.cpp; path = cpu.cpp; sourceTree = "<group>"; };
		A0A616D214B23DE10082A1F9 /* cpuexec.cpp */ = {isa = PBXFileReference; fileEncoding = 4; lastKnownFileType = sourcecode.cpp.cpp; path = cpuexec.cpp; sourceTree = "<group>"; };
		A0A616DA14B23DE10082A1F9 /* dma.cpp */ = {isa = PBXFileReference; fileEncoding = 4; lastKnownFileType = sourcecode.cpp.cpp; path = dma.cpp; sourceTree = "<group>"; };
		A0A616DC14B23DE10082A1F9 /* dsp1.cpp */ = {isa = PBXFileReference; fileEncoding = 4; lastKnownFileType = sourcecode.cpp.cpp; path = dsp1.cpp; sourceTree = "<group>"; };
		A0A616E914B23DE10082A1F9 /* fxemu.cpp */ = {isa = PBXFileReference; fileEncoding = 4; lastKnownFileType = sourcecode.cpp.cpp; path = fxemu.cpp; sourceTree = "<group>"; };
		A0A616EB14B23DE10082A1F9 /* fxinst.cpp */ = {isa = PBXFileReference; fileEncoding = 4; lastKnownFileType = sourcecode.cpp.cpp; path = fxinst.cpp; sourceTree = "<group>"; };
		A0A616EF14B23DE10082A1F9 /* gfx.cpp */ = {isa = PBXFileReference; fileEncoding = 4; lastKnownFileType = sourcecode.cpp.cpp; path = gfx.cpp; sourceTree = "<group>"; };
		A0A616F714B23DE10082A1F9 /* globals.cpp */ = {isa = PBXFileReference; fileEncoding = 4; lastKnownFileType = sourcecode.cpp.cpp; path = globals.cpp; sourceTree = "<group>"; };
		A0A6170B14B23DE10082A1F9 /* loadzip.cpp */ = {isa = PBXFileReference; fileEncoding = 4; lastKnownFileType = sourcecode.cpp.cpp; path = loadzip.cpp; sourceTree = "<group>"; };
		A0A6171114B23DE10082A1F9 /* memmap.cpp */ = {isa = PBXFileReference; fileEncoding = 4; lastKnownFileType = sourcecode.cpp.cpp; path = memmap.cpp; sourceTree = "<group>"; };
		A0A6172E14B23DE10082A1F9 /* ppu.cpp */ = {isa = PBXFileReference; fileEncoding = 4; lastKnownFileType = sourcecode.cpp.cpp; path = ppu.cpp; sourceTree = "<group>"; };
		A0A6173414B23DE10082A1F9 /* sa1.cpp */ = {isa = PBXFileReference; fileEncoding = 4; lastKnownFileType = sourcecode.cpp.cpp; path = sa1.cpp; sourceTree = "<group>"; };
		A0A6173A14B23DE10082A1F9 /* sdd1.cpp */ = {isa = PBXFileReference; fileEncoding = 4; lastKnownFileType = sourcecode.cpp.cpp; path = sdd1.cpp; sourceTree = "<group>"; };
		A0A6173C14B23DE10082A1F9 /* sdd1emu.cpp */ = {isa = PBXFileReference; fileEncoding = 4; lastKnownFileType = sourcecode.cpp.cpp; path = sdd1emu.cpp; sourceTree = "<group>"; };
		A0A6174514B23DE10082A1F9 /* snapshot.cpp */ = {isa = PBXFileReference; fileEncoding = 4; lastKnownFileType = sourcecode.cpp.cpp; path = snapshot.cpp; sourceTree = "<group>"; };
		A0A6175314B23DE10082A1F9 /* srtc.cpp */ = {isa = PBXFileReference; fileEncoding = 4; lastKnownFileType = sourcecode.cpp.cpp; path = srtc.cpp; sourceTree = "<group>"; };
		A0A6175514B23DE10082A1F9 /* tile.cpp */ = {isa = PBXFileReference; fileEncoding = 4; lastKnownFileType = sourcecode.cpp.cpp; path = tile.cpp; sourceTree = "<group>"; };
		A0A617BB14B244210082A1F9 /* LMEmulatorInterface.cpp */ = {isa = PBXFileReference; fileEncoding = 4; lastKnownFileType = sourcecode.cpp.cpp; path = LMEmulatorInterface.cpp; sourceTree = "<group>"; };
		A0A617BD14B24B410082A1F9 /* LMEmulatorInterface.h */ = {isa = PBXFileReference; fileEncoding = 4; lastKnownFileType = sourcecode.c.h; path = LMEmulatorInterface.h; sourceTree = "<group>"; };
		A0A8A0F914B25401003C5688 /* AudioToolbox.framework */ = {isa = PBXFileReference; lastKnownFileType = wrapper.framework; name = AudioToolbox.framework; path = System/Library/Frameworks/AudioToolbox.framework; sourceTree = SDKROOT; };
		A0A8A0FB14B25409003C5688 /* libz.dylib */ = {isa = PBXFileReference; lastKnownFileType = "compiled.mach-o.dylib"; name = libz.dylib; path = usr/lib/libz.dylib; sourceTree = SDKROOT; };
/* End PBXFileReference section */

/* Begin PBXFrameworksBuildPhase section */
		A050660414B21C7F003E0C5E /* Frameworks */ = {
			isa = PBXFrameworksBuildPhase;
			buildActionMask = 2147483647;
			files = (
				A0A8A0FC14B25409003C5688 /* libz.dylib in Frameworks */,
				A0A8A0FA14B25401003C5688 /* AudioToolbox.framework in Frameworks */,
				A050663214B21DDB003E0C5E /* QuartzCore.framework in Frameworks */,
				A050660C14B21C7F003E0C5E /* UIKit.framework in Frameworks */,
				A050660E14B21C7F003E0C5E /* Foundation.framework in Frameworks */,
				A050661014B21C7F003E0C5E /* CoreGraphics.framework in Frameworks */,
			);
			runOnlyForDeploymentPostprocessing = 0;
		};
/* End PBXFrameworksBuildPhase section */

/* Begin PBXGroup section */
		A05065FC14B21C7E003E0C5E = {
			isa = PBXGroup;
			children = (
				A050661114B21C7F003E0C5E /* pixelbuffertest */,
				A050660A14B21C7F003E0C5E /* Frameworks */,
				A050660814B21C7F003E0C5E /* Products */,
			);
			sourceTree = "<group>";
		};
		A050660814B21C7F003E0C5E /* Products */ = {
			isa = PBXGroup;
			children = (
				A050660714B21C7F003E0C5E /* pixelbuffertest.app */,
			);
			name = Products;
			sourceTree = "<group>";
		};
		A050660A14B21C7F003E0C5E /* Frameworks */ = {
			isa = PBXGroup;
			children = (
				A0A8A0FB14B25409003C5688 /* libz.dylib */,
				A0A8A0F914B25401003C5688 /* AudioToolbox.framework */,
				A050663114B21DDB003E0C5E /* QuartzCore.framework */,
				A050660B14B21C7F003E0C5E /* UIKit.framework */,
				A050660D14B21C7F003E0C5E /* Foundation.framework */,
				A050660F14B21C7F003E0C5E /* CoreGraphics.framework */,
			);
			name = Frameworks;
			sourceTree = "<group>";
		};
		A050661114B21C7F003E0C5E /* pixelbuffertest */ = {
			isa = PBXGroup;
			children = (
				A050661A14B21C7F003E0C5E /* LMAppDelegate.h */,
				A050661B14B21C7F003E0C5E /* LMAppDelegate.m */,
				A0995BB914B3AC2A00F7C44F /* LMROMBrowserController.h */,
				A0995BBA14B3AC2A00F7C44F /* LMROMBrowserController.m */,
				A050661D14B21C7F003E0C5E /* LMEmulatorController.h */,
				A050661E14B21C7F003E0C5E /* LMEmulatorController.m */,
				A050662B14B21D0B003E0C5E /* LMPixelView.h */,
				A050662C14B21D0B003E0C5E /* LMPixelView.m */,
				A050662E14B21D1B003E0C5E /* LMPixelLayer.h */,
				A050662F14B21D1B003E0C5E /* LMPixelLayer.m */,
				A0995BBF14B4C20000F7C44F /* LMDPadView.h */,
				A0995BC014B4C20000F7C44F /* LMDPadView.m */,
				A0A617BD14B24B410082A1F9 /* LMEmulatorInterface.h */,
				A0A617BB14B244210082A1F9 /* LMEmulatorInterface.cpp */,
				A050661214B21C7F003E0C5E /* Supporting Files */,
				A0995BCF14B5087600F7C44F /* SiOS */,
			);
			path = pixelbuffertest;
			sourceTree = "<group>";
		};
		A050661214B21C7F003E0C5E /* Supporting Files */ = {
			isa = PBXGroup;
			children = (
				A050661314B21C7F003E0C5E /* pixelbuffertest-Info.plist */,
				A050661414B21C7F003E0C5E /* InfoPlist.strings */,
				A050661714B21C7F003E0C5E /* main.m */,
				A050661914B21C7F003E0C5E /* pixelbuffertest-Prefix.pch */,
			);
			name = "Supporting Files";
			sourceTree = "<group>";
		};
		A0995BCF14B5087600F7C44F /* SiOS */ = {
			isa = PBXGroup;
			children = (
				A0995F8314B67E2100F7C44F /* iOSAudio.h */,
				A0995BD314B508AC00F7C44F /* iOSAudio.cpp */,
				A0995F8414B6883200F7C44F /* SIScreenDelegate.h */,
				A0995F8514B6883E00F7C44F /* SIScreenDelegate.m */,
				A0995F8114B67AAB00F7C44F /* Snes9xCallbacks.h */,
				A0995F7F14B679F300F7C44F /* Snes9xCallbacks.cpp */,
				A0995F8214B67B7E00F7C44F /* Snes9xMain.h */,
				A0995C1114B525D200F7C44F /* Snes9xMain.cpp */,
				A0A616C014B23DE00082A1F9 /* snes9x */,
			);
			name = SiOS;
			path = SiOS/snes9x;
			sourceTree = "<group>";
		};
		A0995BD814B508BD00F7C44F /* apu */ = {
			isa = PBXGroup;
			children = (
				A0995BD914B508BD00F7C44F /* apu.cpp */,
				A0995BDA14B508BD00F7C44F /* apu.h */,
				A0995BDB14B508BD00F7C44F /* blargg_common.h */,
				A0995BDC14B508BD00F7C44F /* blargg_config.h */,
				A0995BDD14B508BD00F7C44F /* blargg_endian.h */,
				A0995BDE14B508BD00F7C44F /* blargg_source.h */,
				A0995BDF14B508BD00F7C44F /* hermite_resampler.h */,
				A0995BE014B508BD00F7C44F /* license.txt */,
				A0995BE114B508BD00F7C44F /* linear_resampler.h */,
				A0995BE214B508BD00F7C44F /* resampler.h */,
				A0995BE314B508BD00F7C44F /* ring_buffer.h */,
				A0995BE414B508BD00F7C44F /* SNES_SPC.cpp */,
				A0995BE514B508BD00F7C44F /* SNES_SPC.h */,
				A0995BE614B508BD00F7C44F /* SNES_SPC_misc.cpp */,
				A0995BE714B508BD00F7C44F /* SNES_SPC_state.cpp */,
				A0995BE814B508BD00F7C44F /* SPC_CPU.h */,
				A0995BE914B508BD00F7C44F /* SPC_DSP.cpp */,
				A0995BEA14B508BD00F7C44F /* SPC_DSP.h */,
				A0995BEB14B508BD00F7C44F /* SPC_Filter.cpp */,
				A0995BEC14B508BD00F7C44F /* SPC_Filter.h */,
			);
			path = apu;
			sourceTree = "<group>";
		};
		A0995BF814B524F500F7C44F /* unzip */ = {
			isa = PBXGroup;
			children = (
				A0995BF914B524F500F7C44F /* crypt.h */,
				A0995BFA14B524F500F7C44F /* ioapi.c */,
				A0995BFB14B524F500F7C44F /* ioapi.h */,
				A0995C0014B524F500F7C44F /* mztools.c */,
				A0995C0114B524F500F7C44F /* mztools.h */,
				A0995C0214B524F500F7C44F /* unzip.c */,
				A0995C0314B524F500F7C44F /* unzip.h */,
				A0995C0414B524F500F7C44F /* zip.c */,
				A0995C0514B524F500F7C44F /* zip.h */,
			);
			path = unzip;
			sourceTree = "<group>";
		};
		A0A616C014B23DE00082A1F9 /* snes9x */ = {
			isa = PBXGroup;
			children = (
				A0995BD814B508BD00F7C44F /* apu */,
				A0995F5614B540C900F7C44F /* bsx.cpp */,
				A0A616C814B23DE10082A1F9 /* c4.cpp */,
				A0A616CA14B23DE10082A1F9 /* c4emu.cpp */,
				A0A616CB14B23DE10082A1F9 /* cheats.cpp */,
				A0A616CD14B23DE10082A1F9 /* cheats2.cpp */,
				A0A616CE14B23DE10082A1F9 /* clip.cpp */,
				A0995F6E14B5426B00F7C44F /* controls.cpp */,
				A0A616D014B23DE10082A1F9 /* cpu.cpp */,
				A0A616D214B23DE10082A1F9 /* cpuexec.cpp */,
				A0995F5214B5404F00F7C44F /* cpuops.cpp */,
				A0995F7414B5461900F7C44F /* crosshairs.cpp */,
				A0A616DA14B23DE10082A1F9 /* dma.cpp */,
				A0995F5014B53FCC00F7C44F /* dsp.cpp */,
				A0A616DC14B23DE10082A1F9 /* dsp1.cpp */,
				A0995F5A14B5412700F7C44F /* dsp2.cpp */,
				A0995F5C14B5413100F7C44F /* dsp3.cpp */,
				A0995F5E14B5413A00F7C44F /* dsp4.cpp */,
				A0A616E914B23DE10082A1F9 /* fxemu.cpp */,
				A0A616EB14B23DE10082A1F9 /* fxinst.cpp */,
				A0A616EF14B23DE10082A1F9 /* gfx.cpp */,
				A0A616F714B23DE10082A1F9 /* globals.cpp */,
				A0A6170B14B23DE10082A1F9 /* loadzip.cpp */,
				A0995F7614B5463F00F7C44F /* logger.cpp */,
				A0A6171114B23DE10082A1F9 /* memmap.cpp */,
				A0995F7014B5429E00F7C44F /* movie.cpp */,
				A0995F5414B5408400F7C44F /* obc1.cpp */,
				A0995F7C14B5DEBF00F7C44F /* port.h */,
				A0A6172E14B23DE10082A1F9 /* ppu.cpp */,
				A0995F7814B546A800F7C44F /* reader.cpp */,
				A0A6173414B23DE10082A1F9 /* sa1.cpp */,
				A0995F4E14B53F2500F7C44F /* sa1cpu.cpp */,
				A0A6173A14B23DE10082A1F9 /* sdd1.cpp */,
				A0A6173C14B23DE10082A1F9 /* sdd1emu.cpp */,
				A0995F7214B543A000F7C44F /* seta.cpp */,
				A0995F6414B541B600F7C44F /* seta010.cpp */,
				A0995F6614B541C000F7C44F /* seta011.cpp */,
				A0995F6814B541CA00F7C44F /* seta018.cpp */,
				A0A6174514B23DE10082A1F9 /* snapshot.cpp */,
				A0995F5814B540FE00F7C44F /* spc7110.cpp */,
				A0A6175314B23DE10082A1F9 /* srtc.cpp */,
				A0A6175514B23DE10082A1F9 /* tile.cpp */,
				A0995BF814B524F500F7C44F /* unzip */,
			);
			name = snes9x;
			sourceTree = "<group>";
		};
/* End PBXGroup section */

/* Begin PBXNativeTarget section */
		A050660614B21C7F003E0C5E /* pixelbuffertest */ = {
			isa = PBXNativeTarget;
			buildConfigurationList = A050662814B21C7F003E0C5E /* Build configuration list for PBXNativeTarget "pixelbuffertest" */;
			buildPhases = (
				A050660314B21C7F003E0C5E /* Sources */,
				A050660414B21C7F003E0C5E /* Frameworks */,
				A050660514B21C7F003E0C5E /* Resources */,
			);
			buildRules = (
			);
			dependencies = (
			);
			name = pixelbuffertest;
			productName = pixelbuffertest;
			productReference = A050660714B21C7F003E0C5E /* pixelbuffertest.app */;
			productType = "com.apple.product-type.application";
		};
/* End PBXNativeTarget section */

/* Begin PBXProject section */
		A05065FE14B21C7E003E0C5E /* Project object */ = {
			isa = PBXProject;
			attributes = {
				LastUpgradeCheck = 0420;
				ORGANIZATIONNAME = "Lucas Menge";
			};
			buildConfigurationList = A050660114B21C7E003E0C5E /* Build configuration list for PBXProject "pixelbuffertest" */;
			compatibilityVersion = "Xcode 3.2";
			developmentRegion = English;
			hasScannedForEncodings = 0;
			knownRegions = (
				en,
			);
			mainGroup = A05065FC14B21C7E003E0C5E;
			productRefGroup = A050660814B21C7F003E0C5E /* Products */;
			projectDirPath = "";
			projectRoot = "";
			targets = (
				A050660614B21C7F003E0C5E /* pixelbuffertest */,
			);
		};
/* End PBXProject section */

/* Begin PBXResourcesBuildPhase section */
		A050660514B21C7F003E0C5E /* Resources */ = {
			isa = PBXResourcesBuildPhase;
			buildActionMask = 2147483647;
			files = (
				A050661614B21C7F003E0C5E /* InfoPlist.strings in Resources */,
				A0995BEE14B508BD00F7C44F /* license.txt in Resources */,
			);
			runOnlyForDeploymentPostprocessing = 0;
		};
/* End PBXResourcesBuildPhase section */

/* Begin PBXSourcesBuildPhase section */
		A050660314B21C7F003E0C5E /* Sources */ = {
			isa = PBXSourcesBuildPhase;
			buildActionMask = 2147483647;
			files = (
				A050661814B21C7F003E0C5E /* main.m in Sources */,
				A050661C14B21C7F003E0C5E /* LMAppDelegate.m in Sources */,
				A050661F14B21C7F003E0C5E /* LMEmulatorController.m in Sources */,
				A050662D14B21D0B003E0C5E /* LMPixelView.m in Sources */,
				A050663014B21D1B003E0C5E /* LMPixelLayer.m in Sources */,
				A0A6176314B23DE10082A1F9 /* c4.cpp in Sources */,
				A0A6176414B23DE10082A1F9 /* c4emu.cpp in Sources */,
				A0A6176514B23DE10082A1F9 /* cheats.cpp in Sources */,
				A0A6176614B23DE10082A1F9 /* cheats2.cpp in Sources */,
				A0A6176714B23DE10082A1F9 /* clip.cpp in Sources */,
				A0A6176814B23DE10082A1F9 /* cpu.cpp in Sources */,
				A0A6176914B23DE10082A1F9 /* cpuexec.cpp in Sources */,
				A0A6176C14B23DE10082A1F9 /* dma.cpp in Sources */,
				A0A6176D14B23DE10082A1F9 /* dsp1.cpp in Sources */,
				A0A6177614B23DE10082A1F9 /* fxemu.cpp in Sources */,
				A0A6177714B23DE10082A1F9 /* fxinst.cpp in Sources */,
				A0A6177814B23DE10082A1F9 /* gfx.cpp in Sources */,
				A0A6177D14B23DE10082A1F9 /* globals.cpp in Sources */,
				A0A6178814B23DE10082A1F9 /* loadzip.cpp in Sources */,
				A0A6178E14B23DE10082A1F9 /* memmap.cpp in Sources */,
				A0A6179C14B23DE10082A1F9 /* ppu.cpp in Sources */,
				A0A617A014B23DE10082A1F9 /* sa1.cpp in Sources */,
				A0A617A314B23DE10082A1F9 /* sdd1.cpp in Sources */,
				A0A617A414B23DE10082A1F9 /* sdd1emu.cpp in Sources */,
				A0A617AA14B23DE10082A1F9 /* snapshot.cpp in Sources */,
				A0A617B214B23DE10082A1F9 /* srtc.cpp in Sources */,
				A0A617B314B23DE10082A1F9 /* tile.cpp in Sources */,
				A0A617BC14B244210082A1F9 /* LMEmulatorInterface.cpp in Sources */,
				A0995BBB14B3AC2A00F7C44F /* LMROMBrowserController.m in Sources */,
				A0995BC114B4C20100F7C44F /* LMDPadView.m in Sources */,
				A0995BD714B508AC00F7C44F /* iOSAudio.cpp in Sources */,
				A0995BED14B508BD00F7C44F /* apu.cpp in Sources */,
				A0995BEF14B508BD00F7C44F /* SNES_SPC.cpp in Sources */,
				A0995BF014B508BD00F7C44F /* SNES_SPC_misc.cpp in Sources */,
				A0995BF114B508BD00F7C44F /* SNES_SPC_state.cpp in Sources */,
				A0995BF214B508BD00F7C44F /* SPC_DSP.cpp in Sources */,
				A0995BF314B508BD00F7C44F /* SPC_Filter.cpp in Sources */,
				A0995C0614B524F500F7C44F /* ioapi.c in Sources */,
				A0995C0A14B524F500F7C44F /* mztools.c in Sources */,
				A0995C0B14B524F500F7C44F /* unzip.c in Sources */,
				A0995C0C14B524F500F7C44F /* zip.c in Sources */,
				A0995C1214B525D200F7C44F /* Snes9xMain.cpp in Sources */,
				A0995F4F14B53F2500F7C44F /* sa1cpu.cpp in Sources */,
				A0995F5114B53FCC00F7C44F /* dsp.cpp in Sources */,
				A0995F5314B5405000F7C44F /* cpuops.cpp in Sources */,
				A0995F5514B5408400F7C44F /* obc1.cpp in Sources */,
				A0995F5714B540CA00F7C44F /* bsx.cpp in Sources */,
				A0995F5914B540FF00F7C44F /* spc7110.cpp in Sources */,
				A0995F5B14B5412800F7C44F /* dsp2.cpp in Sources */,
				A0995F5D14B5413100F7C44F /* dsp3.cpp in Sources */,
				A0995F5F14B5413A00F7C44F /* dsp4.cpp in Sources */,
				A0995F6514B541B700F7C44F /* seta010.cpp in Sources */,
				A0995F6714B541C000F7C44F /* seta011.cpp in Sources */,
				A0995F6914B541CA00F7C44F /* seta018.cpp in Sources */,
				A0995F6F14B5426E00F7C44F /* controls.cpp in Sources */,
				A0995F7114B5429F00F7C44F /* movie.cpp in Sources */,
				A0995F7314B543A100F7C44F /* seta.cpp in Sources */,
				A0995F7514B5461A00F7C44F /* crosshairs.cpp in Sources */,
				A0995F7714B5464000F7C44F /* logger.cpp in Sources */,
				A0995F7914B546A900F7C44F /* reader.cpp in Sources */,
				A0995F8014B679FF00F7C44F /* Snes9xCallbacks.cpp in Sources */,
				A0995F8614B6884F00F7C44F /* SIScreenDelegate.m in Sources */,
			);
			runOnlyForDeploymentPostprocessing = 0;
		};
/* End PBXSourcesBuildPhase section */

/* Begin PBXVariantGroup section */
		A050661414B21C7F003E0C5E /* InfoPlist.strings */ = {
			isa = PBXVariantGroup;
			children = (
				A050661514B21C7F003E0C5E /* en */,
			);
			name = InfoPlist.strings;
			sourceTree = "<group>";
		};
/* End PBXVariantGroup section */

/* Begin XCBuildConfiguration section */
		A050662614B21C7F003E0C5E /* Debug */ = {
			isa = XCBuildConfiguration;
			buildSettings = {
				ALWAYS_SEARCH_USER_PATHS = NO;
				ARCHS = "$(ARCHS_STANDARD_32_BIT)";
				"CODE_SIGN_IDENTITY[sdk=iphoneos*]" = "iPhone Developer";
				COPY_PHASE_STRIP = NO;
				GCC_C_LANGUAGE_STANDARD = c99;
				GCC_DYNAMIC_NO_PIC = NO;
				GCC_OPTIMIZATION_LEVEL = 0;
				GCC_PREPROCESSOR_DEFINITIONS = (
					DEBUG,
					"$(inherited)",
				);
				GCC_PREPROCESSOR_DEFINITIONS_NOT_USED_IN_PRECOMPS = "$(inherited)";
				GCC_SYMBOLS_PRIVATE_EXTERN = NO;
				GCC_WARN_ABOUT_MISSING_PROTOTYPES = NO;
				GCC_WARN_ABOUT_RETURN_TYPE = YES;
				GCC_WARN_UNUSED_VARIABLE = YES;
				IPHONEOS_DEPLOYMENT_TARGET = 5.0;
				OTHER_CFLAGS = "${SNES_CFLAGS}";
				OTHER_CPLUSPLUSFLAGS = (
					"$(OTHER_CFLAGS)",
					"-ftemplate-depth-36",
				);
				PREBINDING = NO;
				SDKROOT = iphoneos;
				SNES_CFLAGS = "-D__IPHONE__ -D_SNESPPC -DNOT_ASM_SPC700 -DZLIB -DUNZIP_SUPPORT -DOLD_COLOUR_BLENDING -DUSE_SA1 -DSUPER_FX -DLSB_FIRST -DCPU_SHUTDOWN -DVAR_CYCLES -funsigned-char -ffast-math -fexpensive-optimizations -mstructure-size-boundary=32 -falign-functions=32 -falign-loops -falign-labels -falign-jumps -finline -finline-functions -fno-builtin -fno-common -fomit-frame-pointer -fpeel-loops -fstrength-reduce -funroll-loops -fstrict-aliasing";
				TARGETED_DEVICE_FAMILY = "1,2";
			};
			name = Debug;
		};
		A050662714B21C7F003E0C5E /* Release */ = {
			isa = XCBuildConfiguration;
			buildSettings = {
				ALWAYS_SEARCH_USER_PATHS = NO;
				ARCHS = "$(ARCHS_STANDARD_32_BIT)";
				"CODE_SIGN_IDENTITY[sdk=iphoneos*]" = "iPhone Developer";
				COPY_PHASE_STRIP = YES;
				GCC_C_LANGUAGE_STANDARD = c99;
				GCC_OPTIMIZATION_LEVEL = s;
				GCC_PREPROCESSOR_DEFINITIONS = "$(inherited)";
				GCC_PREPROCESSOR_DEFINITIONS_NOT_USED_IN_PRECOMPS = "$(inherited)";
				GCC_WARN_ABOUT_MISSING_PROTOTYPES = NO;
				GCC_WARN_ABOUT_RETURN_TYPE = YES;
				GCC_WARN_UNUSED_VARIABLE = YES;
				IPHONEOS_DEPLOYMENT_TARGET = 5.0;
				OTHER_CFLAGS = (
					"${SNES_CFLAGS}",
					"-DNS_BLOCK_ASSERTIONS=1",
				);
				OTHER_CPLUSPLUSFLAGS = (
					"$(OTHER_CFLAGS)",
					"-ftemplate-depth-36",
				);
				PREBINDING = NO;
				SDKROOT = iphoneos;
				SNES_CFLAGS = "-D__IPHONE__ -D_SNESPPC -DNOT_ASM_SPC700 -DZLIB -DUNZIP_SUPPORT -DOLD_COLOUR_BLENDING -DUSE_SA1 -DSUPER_FX -DLSB_FIRST -DCPU_SHUTDOWN -DVAR_CYCLES -funsigned-char -ffast-math -fexpensive-optimizations -mstructure-size-boundary=32 -falign-functions=32 -falign-loops -falign-labels -falign-jumps -finline -finline-functions -fno-builtin -fno-common -fomit-frame-pointer -fpeel-loops -fstrength-reduce -funroll-loops -fstrict-aliasing";
				TARGETED_DEVICE_FAMILY = "1,2";
				VALIDATE_PRODUCT = YES;
			};
			name = Release;
		};
		A050662914B21C7F003E0C5E /* Debug */ = {
			isa = XCBuildConfiguration;
			buildSettings = {
				GCC_OPTIMIZATION_LEVEL = s;
				GCC_PRECOMPILE_PREFIX_HEADER = YES;
				GCC_PREFIX_HEADER = "pixelbuffertest/pixelbuffertest-Prefix.pch";
				INFOPLIST_FILE = "pixelbuffertest/pixelbuffertest-Info.plist";
				PRODUCT_NAME = "$(TARGET_NAME)";
				WRAPPER_EXTENSION = app;
			};
			name = Debug;
		};
		A050662A14B21C7F003E0C5E /* Release */ = {
			isa = XCBuildConfiguration;
			buildSettings = {
				GCC_OPTIMIZATION_LEVEL = s;
				GCC_PRECOMPILE_PREFIX_HEADER = YES;
				GCC_PREFIX_HEADER = "pixelbuffertest/pixelbuffertest-Prefix.pch";
				INFOPLIST_FILE = "pixelbuffertest/pixelbuffertest-Info.plist";
				PRODUCT_NAME = "$(TARGET_NAME)";
				WRAPPER_EXTENSION = app;
			};
			name = Release;
		};
/* End XCBuildConfiguration section */

/* Begin XCConfigurationList section */
		A050660114B21C7E003E0C5E /* Build configuration list for PBXProject "pixelbuffertest" */ = {
			isa = XCConfigurationList;
			buildConfigurations = (
				A050662614B21C7F003E0C5E /* Debug */,
				A050662714B21C7F003E0C5E /* Release */,
			);
			defaultConfigurationIsVisible = 0;
			defaultConfigurationName = Release;
		};
		A050662814B21C7F003E0C5E /* Build configuration list for PBXNativeTarget "pixelbuffertest" */ = {
			isa = XCConfigurationList;
			buildConfigurations = (
				A050662914B21C7F003E0C5E /* Debug */,
				A050662A14B21C7F003E0C5E /* Release */,
			);
			defaultConfigurationIsVisible = 0;
			defaultConfigurationName = Release;
		};
/* End XCConfigurationList section */
	};
	rootObject = A05065FE14B21C7E003E0C5E /* Project object */;
}
